
Microsoft Visual Studio Solution File, Format Version 12.00
# Visual Studio Version 16
VisualStudioVersion = 16.0.29509.3
MinimumVisualStudioVersion = 10.0.40219.1
Project("{9092AA53-FB77-4645-B42D-1CCCA6BD08BD}") = "NumberGuesser", "NumberGuesser\NumberGuesser.njsproj", "{6CFEBBFC-AE40-4637-BD0E-38EEFB4CD4BB}"
EndProject
Global
	GlobalSection(SolutionConfigurationPlatforms) = preSolution
		Debug|Any CPU = Debug|Any CPU
		Release|Any CPU = Release|Any CPU
	EndGlobalSection
	GlobalSection(ProjectConfigurationPlatforms) = postSolution
		{6CFEBBFC-AE40-4637-BD0E-38EEFB4CD4BB}.Debug|Any CPU.ActiveCfg = Debug|Any CPU
		{6CFEBBFC-AE40-4637-BD0E-38EEFB4CD4BB}.Debug|Any CPU.Build.0 = Debug|Any CPU
		{6CFEBBFC-AE40-4637-BD0E-38EEFB4CD4BB}.Release|Any CPU.ActiveCfg = Release|Any CPU
		{6CFEBBFC-AE40-4637-BD0E-38EEFB4CD4BB}.Release|Any CPU.Build.0 = Release|Any CPU
	EndGlobalSection
	GlobalSection(SolutionProperties) = preSolution
		HideSolutionNode = FALSE
	EndGlobalSection
	GlobalSection(ExtensibilityGlobals) = postSolution
		SolutionGuid = {05391F6B-7DF5-4786-AA44-0ADEF8D49F50}
	EndGlobalSection
EndGlobal
